// !$*UTF8*$!
{
	archiveVersion = 1;
	classes = {
	};
	objectVersion = 46;
	objects = {

/* Begin PBXBuildFile section */
		7975047218D2880800E9D0C4 /* Foundation.framework in Frameworks */ = {isa = PBXBuildFile; fileRef = 7975047118D2880800E9D0C4 /* Foundation.framework */; };
		7975048018D2885500E9D0C4 /* TestLichCocoa.m in Sources */ = {isa = PBXBuildFile; fileRef = 7975047F18D2885500E9D0C4 /* TestLichCocoa.m */; settings = {COMPILER_FLAGS = "-fno-objc-arc"; }; };
		7975049618D28AA600E9D0C4 /* LichTokenizer.m in Sources */ = {isa = PBXBuildFile; fileRef = 7975049518D28AA600E9D0C4 /* LichTokenizer.m */; settings = {COMPILER_FLAGS = "-fno-objc-arc"; }; };
		7975049918D28B6E00E9D0C4 /* JRErr.m in Sources */ = {isa = PBXBuildFile; fileRef = 7975049818D28B6E00E9D0C4 /* JRErr.m */; settings = {COMPILER_FLAGS = "-fno-objc-arc"; }; };
		7975049C18D28B7400E9D0C4 /* LichCocoa.m in Sources */ = {isa = PBXBuildFile; fileRef = 7975049B18D28B7400E9D0C4 /* LichCocoa.m */; settings = {COMPILER_FLAGS = "-fno-objc-arc"; }; };
/* End PBXBuildFile section */

/* Begin PBXCopyFilesBuildPhase section */
		7975046C18D2880800E9D0C4 /* CopyFiles */ = {
			isa = PBXCopyFilesBuildPhase;
			buildActionMask = 2147483647;
			dstPath = /usr/share/man/man1/;
			dstSubfolderSpec = 0;
			files = (
			);
			runOnlyForDeploymentPostprocessing = 1;
		};
/* End PBXCopyFilesBuildPhase section */

/* Begin PBXFileReference section */
		7975046E18D2880800E9D0C4 /* TestLichCocoa */ = {isa = PBXFileReference; explicitFileType = "compiled.mach-o.executable"; includeInIndex = 0; path = TestLichCocoa; sourceTree = BUILT_PRODUCTS_DIR; };
		7975047118D2880800E9D0C4 /* Foundation.framework */ = {isa = PBXFileReference; lastKnownFileType = wrapper.framework; name = Foundation.framework; path = System/Library/Frameworks/Foundation.framework; sourceTree = SDKROOT; };
		7975047718D2880800E9D0C4 /* TestLichCocoa-Prefix.pch */ = {isa = PBXFileReference; lastKnownFileType = sourcecode.c.h; path = "TestLichCocoa-Prefix.pch"; sourceTree = "<group>"; };
		7975047F18D2885500E9D0C4 /* TestLichCocoa.m */ = {isa = PBXFileReference; fileEncoding = 4; lastKnownFileType = sourcecode.c.objc; path = TestLichCocoa.m; sourceTree = SOURCE_ROOT; };
		7975049418D28AA600E9D0C4 /* LichTokenizer.h */ = {isa = PBXFileReference; fileEncoding = 4; lastKnownFileType = sourcecode.c.h; name = LichTokenizer.h; path = ../LichTokenizer.h; sourceTree = SOURCE_ROOT; };
		7975049518D28AA600E9D0C4 /* LichTokenizer.m */ = {isa = PBXFileReference; fileEncoding = 4; lastKnownFileType = sourcecode.c.objc; name = LichTokenizer.m; path = ../LichTokenizer.m; sourceTree = SOURCE_ROOT; };
		7975049718D28B6E00E9D0C4 /* JRErr.h */ = {isa = PBXFileReference; fileEncoding = 4; lastKnownFileType = sourcecode.c.h; name = JRErr.h; path = ../deps/JRErr.h; sourceTree = SOURCE_ROOT; };
		7975049818D28B6E00E9D0C4 /* JRErr.m */ = {isa = PBXFileReference; fileEncoding = 4; lastKnownFileType = sourcecode.c.objc; name = JRErr.m; path = ../deps/JRErr.m; sourceTree = SOURCE_ROOT; };
		7975049A18D28B7400E9D0C4 /* LichCocoa.h */ = {isa = PBXFileReference; fileEncoding = 4; lastKnownFileType = sourcecode.c.h; name = LichCocoa.h; path = ../LichCocoa.h; sourceTree = SOURCE_ROOT; };
		7975049B18D28B7400E9D0C4 /* LichCocoa.m */ = {isa = PBXFileReference; fileEncoding = 4; lastKnownFileType = sourcecode.c.objc; name = LichCocoa.m; path = ../LichCocoa.m; sourceTree = SOURCE_ROOT; };
/* End PBXFileReference section */

/* Begin PBXFrameworksBuildPhase section */
		7975046B18D2880800E9D0C4 /* Frameworks */ = {
			isa = PBXFrameworksBuildPhase;
			buildActionMask = 2147483647;
			files = (
				7975047218D2880800E9D0C4 /* Foundation.framework in Frameworks */,
			);
			runOnlyForDeploymentPostprocessing = 0;
		};
/* End PBXFrameworksBuildPhase section */

/* Begin PBXGroup section */
		7975046518D2880800E9D0C4 = {
			isa = PBXGroup;
			children = (
				7975047318D2880800E9D0C4 /* TestLichCocoa */,
				7975047018D2880800E9D0C4 /* Frameworks */,
				7975046F18D2880800E9D0C4 /* Products */,
			);
			sourceTree = "<group>";
		};
		7975046F18D2880800E9D0C4 /* Products */ = {
			isa = PBXGroup;
			children = (
				7975046E18D2880800E9D0C4 /* TestLichCocoa */,
			);
			name = Products;
			sourceTree = "<group>";
		};
		7975047018D2880800E9D0C4 /* Frameworks */ = {
			isa = PBXGroup;
			children = (
				7975047118D2880800E9D0C4 /* Foundation.framework */,
			);
			name = Frameworks;
			sourceTree = "<group>";
		};
		7975047318D2880800E9D0C4 /* TestLichCocoa */ = {
			isa = PBXGroup;
			children = (
				7975047F18D2885500E9D0C4 /* TestLichCocoa.m */,
				7975049418D28AA600E9D0C4 /* LichTokenizer.h */,
				7975049518D28AA600E9D0C4 /* LichTokenizer.m */,
				7975049A18D28B7400E9D0C4 /* LichCocoa.h */,
				7975049B18D28B7400E9D0C4 /* LichCocoa.m */,
				7975049718D28B6E00E9D0C4 /* JRErr.h */,
				7975049818D28B6E00E9D0C4 /* JRErr.m */,
				7975047618D2880800E9D0C4 /* Supporting Files */,
			);
			path = TestLichCocoa;
			sourceTree = "<group>";
		};
		7975047618D2880800E9D0C4 /* Supporting Files */ = {
			isa = PBXGroup;
			children = (
				7975047718D2880800E9D0C4 /* TestLichCocoa-Prefix.pch */,
			);
			name = "Supporting Files";
			sourceTree = "<group>";
		};
/* End PBXGroup section */

/* Begin PBXNativeTarget section */
		7975046D18D2880800E9D0C4 /* TestLichCocoa */ = {
			isa = PBXNativeTarget;
			buildConfigurationList = 7975047C18D2880800E9D0C4 /* Build configuration list for PBXNativeTarget "TestLichCocoa" */;
			buildPhases = (
				7975046A18D2880800E9D0C4 /* Sources */,
				7975046B18D2880800E9D0C4 /* Frameworks */,
				7975046C18D2880800E9D0C4 /* CopyFiles */,
			);
			buildRules = (
			);
			dependencies = (
			);
			name = TestLichCocoa;
			productName = TestLichCocoa;
			productReference = 7975046E18D2880800E9D0C4 /* TestLichCocoa */;
			productType = "com.apple.product-type.tool";
		};
/* End PBXNativeTarget section */

/* Begin PBXProject section */
		7975046618D2880800E9D0C4 /* Project object */ = {
			isa = PBXProject;
			attributes = {
				LastUpgradeCheck = 0510;
				ORGANIZATIONNAME = "Jonathan 'Wolf' Rentzsch";
			};
			buildConfigurationList = 7975046918D2880800E9D0C4 /* Build configuration list for PBXProject "TestLichCocoa" */;
			compatibilityVersion = "Xcode 3.2";
			developmentRegion = English;
			hasScannedForEncodings = 0;
			knownRegions = (
				en,
			);
			mainGroup = 7975046518D2880800E9D0C4;
			productRefGroup = 7975046F18D2880800E9D0C4 /* Products */;
			projectDirPath = "";
			projectRoot = "";
			targets = (
				7975046D18D2880800E9D0C4 /* TestLichCocoa */,
			);
		};
/* End PBXProject section */

/* Begin PBXSourcesBuildPhase section */
		7975046A18D2880800E9D0C4 /* Sources */ = {
			isa = PBXSourcesBuildPhase;
			buildActionMask = 2147483647;
			files = (
				7975049918D28B6E00E9D0C4 /* JRErr.m in Sources */,
				7975048018D2885500E9D0C4 /* TestLichCocoa.m in Sources */,
				7975049618D28AA600E9D0C4 /* LichTokenizer.m in Sources */,
				7975049C18D28B7400E9D0C4 /* LichCocoa.m in Sources */,
			);
			runOnlyForDeploymentPostprocessing = 0;
		};
/* End PBXSourcesBuildPhase section */

/* Begin XCBuildConfiguration section */
		7975047A18D2880800E9D0C4 /* Debug */ = {
			isa = XCBuildConfiguration;
			buildSettings = {
				ALWAYS_SEARCH_USER_PATHS = NO;
				CLANG_CXX_LANGUAGE_STANDARD = "gnu++0x";
				CLANG_CXX_LIBRARY = "libc++";
				CLANG_ENABLE_MODULES = YES;
				CLANG_ENABLE_OBJC_ARC = YES;
				CLANG_WARN_BOOL_CONVERSION = YES;
				CLANG_WARN_CONSTANT_CONVERSION = YES;
				CLANG_WARN_DIRECT_OBJC_ISA_USAGE = YES_ERROR;
				CLANG_WARN_EMPTY_BODY = YES;
				CLANG_WARN_ENUM_CONVERSION = YES;
				CLANG_WARN_INT_CONVERSION = YES;
				CLANG_WARN_OBJC_ROOT_CLASS = YES_ERROR;
				CLANG_WARN__DUPLICATE_METHOD_MATCH = YES;
				COPY_PHASE_STRIP = NO;
				GCC_C_LANGUAGE_STANDARD = gnu99;
				GCC_DYNAMIC_NO_PIC = NO;
				GCC_ENABLE_OBJC_EXCEPTIONS = YES;
				GCC_OPTIMIZATION_LEVEL = 0;
				GCC_PREPROCESSOR_DEFINITIONS = (
					"DEBUG=1",
					"$(inherited)",
				);
				GCC_SYMBOLS_PRIVATE_EXTERN = NO;
				GCC_WARN_64_TO_32_BIT_CONVERSION = YES;
				GCC_WARN_ABOUT_RETURN_TYPE = YES_ERROR;
				GCC_WARN_UNDECLARED_SELECTOR = YES;
				GCC_WARN_UNINITIALIZED_AUTOS = YES_AGGRESSIVE;
				GCC_WARN_UNUSED_FUNCTION = YES;
				GCC_WARN_UNUSED_VARIABLE = YES;
				MACOSX_DEPLOYMENT_TARGET = 10.9;
				ONLY_ACTIVE_ARCH = YES;
				SDKROOT = macosx;
			};
			name = Debug;
		};
		7975047B18D2880800E9D0C4 /* Release */ = {
			isa = XCBuildConfiguration;
			buildSettings = {
				ALWAYS_SEARCH_USER_PATHS = NO;
				CLANG_CXX_LANGUAGE_STANDARD = "gnu++0x";
				CLANG_CXX_LIBRARY = "libc++";
				CLANG_ENABLE_MODULES = YES;
				CLANG_ENABLE_OBJC_ARC = YES;
				CLANG_WARN_BOOL_CONVERSION = YES;
				CLANG_WARN_CONSTANT_CONVERSION = YES;
				CLANG_WARN_DIRECT_OBJC_ISA_USAGE = YES_ERROR;
				CLANG_WARN_EMPTY_BODY = YES;
				CLANG_WARN_ENUM_CONVERSION = YES;
				CLANG_WARN_INT_CONVERSION = YES;
				CLANG_WARN_OBJC_ROOT_CLASS = YES_ERROR;
				CLANG_WARN__DUPLICATE_METHOD_MATCH = YES;
				COPY_PHASE_STRIP = YES;
				DEBUG_INFORMATION_FORMAT = "dwarf-with-dsym";
				ENABLE_NS_ASSERTIONS = NO;
				GCC_C_LANGUAGE_STANDARD = gnu99;
				GCC_ENABLE_OBJC_EXCEPTIONS = YES;
				GCC_WARN_64_TO_32_BIT_CONVERSION = YES;
				GCC_WARN_ABOUT_RETURN_TYPE = YES_ERROR;
				GCC_WARN_UNDECLARED_SELECTOR = YES;
				GCC_WARN_UNINITIALIZED_AUTOS = YES_AGGRESSIVE;
				GCC_WARN_UNUSED_FUNCTION = YES;
				GCC_WARN_UNUSED_VARIABLE = YES;
				MACOSX_DEPLOYMENT_TARGET = 10.9;
				SDKROOT = macosx;
			};
			name = Release;
		};
		7975047D18D2880800E9D0C4 /* Debug */ = {
			isa = XCBuildConfiguration;
			buildSettings = {
				ALWAYS_SEARCH_USER_PATHS = YES;
				GCC_PRECOMPILE_PREFIX_HEADER = YES;
				GCC_PREFIX_HEADER = "TestLichCocoa-Prefix.pch";
				PRODUCT_NAME = "$(TARGET_NAME)";
				USER_HEADER_SEARCH_PATHS = "$(SRCROOT)/cocoa/deps $(SRCROOT)/cocoa";
			};
			name = Debug;
		};
		7975047E18D2880800E9D0C4 /* Release */ = {
			isa = XCBuildConfiguration;
			buildSettings = {
				ALWAYS_SEARCH_USER_PATHS = YES;
				GCC_PRECOMPILE_PREFIX_HEADER = YES;
				GCC_PREFIX_HEADER = "TestLichCocoa-Prefix.pch";
				PRODUCT_NAME = "$(TARGET_NAME)";
				USER_HEADER_SEARCH_PATHS = "$(SRCROOT)/cocoa/deps $(SRCROOT)/cocoa";
			};
			name = Release;
		};
/* End XCBuildConfiguration section */

/* Begin XCConfigurationList section */
		7975046918D2880800E9D0C4 /* Build configuration list for PBXProject "TestLichCocoa" */ = {
			isa = XCConfigurationList;
			buildConfigurations = (
				7975047A18D2880800E9D0C4 /* Debug */,
				7975047B18D2880800E9D0C4 /* Release */,
			);
			defaultConfigurationIsVisible = 0;
			defaultConfigurationName = Release;
		};
		7975047C18D2880800E9D0C4 /* Build configuration list for PBXNativeTarget "TestLichCocoa" */ = {
			isa = XCConfigurationList;
			buildConfigurations = (
				7975047D18D2880800E9D0C4 /* Debug */,
				7975047E18D2880800E9D0C4 /* Release */,
			);
			defaultConfigurationIsVisible = 0;
			defaultConfigurationName = Release;
		};
/* End XCConfigurationList section */
	};
	rootObject = 7975046618D2880800E9D0C4 /* Project object */;
}
